Microsoft Visual Studio Solution File, Format Version 11.00
# Visual Studio 2008

Project("{B3A6EBE5-E97B-F76C-CB8C-625433570033}") = "FPSGame-master", "Assembly-CSharp.csproj", "{DA28645D-F32B-118F-E2D1-B3234B783020}"
EndProject
Global
	GlobalSection(SolutionConfigurationPlatforms) = preSolution
		Debug|Any CPU = Debug|Any CPU
		Release|Any CPU = Release|Any CPU
	EndGlobalSection
	GlobalSection(ProjectConfigurationPlatforms) = postSolution
		{DA28645D-F32B-118F-E2D1-B3234B783020}.Debug|Any CPU.ActiveCfg = Debug|Any CPU
		{DA28645D-F32B-118F-E2D1-B3234B783020}.Debug|Any CPU.Build.0 = Debug|Any CPU
		{DA28645D-F32B-118F-E2D1-B3234B783020}.Release|Any CPU.ActiveCfg = Release|Any CPU
		{DA28645D-F32B-118F-E2D1-B3234B783020}.Release|Any CPU.Build.0 = Release|Any CPU
	EndGlobalSection
	GlobalSection(SolutionProperties) = preSolution
		HideSolutionNode = FALSE
	EndGlobalSection
	GlobalSection(MonoDevelopProperties) = preSolution
		StartupItem = Assembly-CSharp.csproj
	EndGlobalSection
EndGlobal
