Microsoft Visual Studio Solution File, Format Version 11.00
# Visual Studio 2008

Project("{E98A575C-7D6B-1287-63E3-E022D7896A9A}") = "TheFirstLaw", "Assembly-CSharp.csproj", "{24D1EA2E-71FC-93E8-C649-6373B38BDD4D}"
EndProject
Global
	GlobalSection(SolutionConfigurationPlatforms) = preSolution
		Debug|Any CPU = Debug|Any CPU
		Release|Any CPU = Release|Any CPU
	EndGlobalSection
	GlobalSection(ProjectConfigurationPlatforms) = postSolution
		{24D1EA2E-71FC-93E8-C649-6373B38BDD4D}.Debug|Any CPU.ActiveCfg = Debug|Any CPU
		{24D1EA2E-71FC-93E8-C649-6373B38BDD4D}.Debug|Any CPU.Build.0 = Debug|Any CPU
		{24D1EA2E-71FC-93E8-C649-6373B38BDD4D}.Release|Any CPU.ActiveCfg = Release|Any CPU
		{24D1EA2E-71FC-93E8-C649-6373B38BDD4D}.Release|Any CPU.Build.0 = Release|Any CPU
	EndGlobalSection
	GlobalSection(SolutionProperties) = preSolution
		HideSolutionNode = FALSE
	EndGlobalSection
	GlobalSection(MonoDevelopProperties) = preSolution
		StartupItem = Assembly-CSharp.csproj
	EndGlobalSection
EndGlobal
